{
  "nodes": {
    "nixpkgs": {
      "locked": {
        "lastModified": 1780749050,
        "narHash": "sha256-3av0pIjlOWQ6rDbNOmpUSvbNnJkGORQKKjb4LtCZsIY=",
        "owner": "nixos",
        "repo": "nixpkgs",
        "rev": "a799d3e3886da994fa307f817a6bc705ae538eeb",
        "type": "github"
      },
      "original": {
        "owner": "nixos",
        "ref": "nixos-unstable",
        "repo": "nixpkgs",
        "type": "github"
      }
    },
    "noctalia": {
      "inputs": {
        "nixpkgs": [
          "nixpkgs"
        ]
      },
      "locked": {
        "lastModified": 1781581126,
        "narHash": "sha256-GXzO08gNKZsEuVgMhIfuUvc5G4Xh1rNot8KWjZsKNos=",
        "owner": "noctalia-dev",
        "repo": "noctalia",
        "rev": "de82488dc60db736acd5bf95fb448405ea99f404",
        "type": "github"
      },
      "original": {
        "owner": "noctalia-dev",
        "repo": "noctalia",
        "type": "github"
      }
    },
    "root": {
      "inputs": {
        "nixpkgs": "nixpkgs",
        "noctalia": "noctalia"
      }
    }
  },
  "root": "root",
  "version": 7
}
